
Microsoft Visual Studio Solution File, Format Version 12.00
# Visual Studio Version 16
VisualStudioVersion = 16.0.31205.134
MinimumVisualStudioVersion = 10.0.40219.1
Project("{9A19103F-16F7-4668-BE54-9A1E7A4F7556}") = "MyFirstApi", "MyFirstApi\MyFirstApi.csproj", "{144AFAE3-F153-4D0B-965E-28597B8A4BEB}"
EndProject
Project("{FAE04EC0-301F-11D3-BF4B-00C04F79EFBC}") = "MyFirstApi.Tests", "MyFirstApi.Tests\MyFirstApi.Tests.csproj", "{F34126DC-AA3A-4491-9256-BBE6ED906806}"
EndProject
Global
	GlobalSection(SolutionConfigurationPlatforms) = preSolution
		Debug|Any CPU = Debug|Any CPU
		Release|Any CPU = Release|Any CPU
	EndGlobalSection
	GlobalSection(ProjectConfigurationPlatforms) = postSolution
		{144AFAE3-F153-4D0B-965E-28597B8A4BEB}.Debug|Any CPU.ActiveCfg = Debug|Any CPU
		{144AFAE3-F153-4D0B-965E-28597B8A4BEB}.Debug|Any CPU.Build.0 = Debug|Any CPU
		{144AFAE3-F153-4D0B-965E-28597B8A4BEB}.Release|Any CPU.ActiveCfg = Release|Any CPU
		{144AFAE3-F153-4D0B-965E-28597B8A4BEB}.Release|Any CPU.Build.0 = Release|Any CPU
		{F34126DC-AA3A-4491-9256-BBE6ED906806}.Debug|Any CPU.ActiveCfg = Debug|Any CPU
		{F34126DC-AA3A-4491-9256-BBE6ED906806}.Debug|Any CPU.Build.0 = Debug|Any CPU
		{F34126DC-AA3A-4491-9256-BBE6ED906806}.Release|Any CPU.ActiveCfg = Release|Any CPU
		{F34126DC-AA3A-4491-9256-BBE6ED906806}.Release|Any CPU.Build.0 = Release|Any CPU
	EndGlobalSection
	GlobalSection(SolutionProperties) = preSolution
		HideSolutionNode = FALSE
	EndGlobalSection
	GlobalSection(ExtensibilityGlobals) = postSolution
		SolutionGuid = {EFFCEDC7-9750-4602-9ACD-FB33D430488E}
	EndGlobalSection
EndGlobal
